{
  "pins" : [
    {
      "identity" : "alamofire",
      "kind" : "remoteSourceControl",
      "location" : "https://github.com/Alamofire/Alamofire",
      "state" : {
        "revision" : "3dc6a42c7727c49bf26508e29b0a0b35f9c7e1ad",
        "version" : "5.8.1"
      }
    },
    {
      "identity" : "corestore",
      "kind" : "remoteSourceControl",
      "location" : "https://github.com/JohnEstropia/CoreStore",
      "state" : {
        "revision" : "4b6d9a54e75d2c9fd2c3c768f7d4aa3175c09133",
        "version" : "9.2.0"
      }
    },
    {
      "identity" : "facebook-ios-sdk",
      "kind" : "remoteSourceControl",
      "location" : "https://github.com/facebook/facebook-ios-sdk",
      "state" : {
        "revision" : "3fe31c168903759de1c5752d12856c5c437c6862",
        "version" : "16.3.1"
      }
    },
    {
      "identity" : "foast",
      "kind" : "remoteSourceControl",
      "location" : "https://github.com/chanoo/Foast",
      "state" : {
        "branch" : "main",
        "revision" : "6fe24118bfcacbdc1a7cd34391388dde334b175e"
      }
    },
    {
      "identity" : "kakao-ios-sdk",
      "kind" : "remoteSourceControl",
      "location" : "https://github.com/kakao/kakao-ios-sdk",
      "state" : {
        "revision" : "ae3c60cbd4e3b348775f8c766e5b908fa1e66c5a",
        "version" : "2.20.0"
      }
    },
    {
      "identity" : "keychainaccess",
      "kind" : "remoteSourceControl",
      "location" : "https://github.com/kishikawakatsumi/KeychainAccess",
      "state" : {
        "revision" : "84e546727d66f1adc5439debad16270d0fdd04e7",
        "version" : "4.2.2"
      }
    },
    {
      "identity" : "lottie-spm",
      "kind" : "remoteSourceControl",
      "location" : "https://github.com/airbnb/lottie-spm.git",
      "state" : {
        "revision" : "3bd43e12d6fb54654366a61f7cfaca787318b8ce",
        "version" : "4.4.1"
      }
    },
    {
      "identity" : "prynttrimmerview",
      "kind" : "remoteSourceControl",
      "location" : "https://github.com/HHK1/PryntTrimmerView",
      "state" : {
        "revision" : "ac1b60a22c7e6a6514de7a66d2f3d5b537c956d5",
        "version" : "4.0.2"
      }
    },
    {
      "identity" : "stevia",
      "kind" : "remoteSourceControl",
      "location" : "https://github.com/freshOS/Stevia",
      "state" : {
        "revision" : "cfb1a1d2159277bb553c3dc46f3f742c0275566d",
        "version" : "5.1.2"
      }
    },
    {
      "identity" : "swiftui-cached-async-image",
      "kind" : "remoteSourceControl",
      "location" : "https://github.com/lorenzofiamingo/swiftui-cached-async-image",
      "state" : {
        "revision" : "467a3d17479887943ab917a379e62bbaff60ac8a",
        "version" : "2.1.1"
      }
    },
    {
      "identity" : "swinject",
      "kind" : "remoteSourceControl",
      "location" : "https://github.com/Swinject/Swinject.git",
      "state" : {
        "revision" : "463cb2d659c8ae34899d18057ea5b1bb86fc3178",
        "version" : "2.8.4"
      }
    },
    {
      "identity" : "ypimagepicker",
      "kind" : "remoteSourceControl",
      "location" : "https://github.com/Yummypets/YPImagePicker.git",
      "state" : {
        "revision" : "2db04eb020e3ef03828d3207d85250e110fa5919",
        "version" : "5.2.2"
      }
    }
  ],
  "version" : 2
}
